
Microsoft Visual Studio Solution File, Format Version 12.00
# Visual Studio 2012
Project("{FAE04EC0-301F-11D3-BF4B-00C04F79EFBC}") = "CodedUITestProject", "CodedUITestProject\CodedUITestProject.csproj", "{FAEBFDAD-91CC-4D7B-9D66-346559FBA79B}"
EndProject
Project("{FAE04EC0-301F-11D3-BF4B-00C04F79EFBC}") = "WpfApplication", "WpfApplication\WpfApplication.csproj", "{A22C8E18-E0C2-4FD4-BEBA-3064BAE66E52}"
EndProject
Global
	GlobalSection(SolutionConfigurationPlatforms) = preSolution
		Debug|Any CPU = Debug|Any CPU
		Release|Any CPU = Release|Any CPU
	EndGlobalSection
	GlobalSection(ProjectConfigurationPlatforms) = postSolution
		{FAEBFDAD-91CC-4D7B-9D66-346559FBA79B}.Debug|Any CPU.ActiveCfg = Debug|Any CPU
		{FAEBFDAD-91CC-4D7B-9D66-346559FBA79B}.Debug|Any CPU.Build.0 = Debug|Any CPU
		{FAEBFDAD-91CC-4D7B-9D66-346559FBA79B}.Release|Any CPU.ActiveCfg = Release|Any CPU
		{FAEBFDAD-91CC-4D7B-9D66-346559FBA79B}.Release|Any CPU.Build.0 = Release|Any CPU
		{A22C8E18-E0C2-4FD4-BEBA-3064BAE66E52}.Debug|Any CPU.ActiveCfg = Debug|Any CPU
		{A22C8E18-E0C2-4FD4-BEBA-3064BAE66E52}.Debug|Any CPU.Build.0 = Debug|Any CPU
		{A22C8E18-E0C2-4FD4-BEBA-3064BAE66E52}.Release|Any CPU.ActiveCfg = Release|Any CPU
		{A22C8E18-E0C2-4FD4-BEBA-3064BAE66E52}.Release|Any CPU.Build.0 = Release|Any CPU
	EndGlobalSection
	GlobalSection(SolutionProperties) = preSolution
		HideSolutionNode = FALSE
	EndGlobalSection
EndGlobal
